{
  "name": "loadbalance",
  "version": "1.0.0",
  "lockfileVersion": 1,
  "requires": true,
  "dependencies": {
    "bottleneck": {
      "version": "2.3.0",
      "resolved": "https://registry.npmjs.org/bottleneck/-/bottleneck-2.3.0.tgz",
      "integrity": "sha512-Zxhe8FRIiFp5/uGRxIt/s26f6bm0Z87BWzPbUUZZGLkXOldRse1I/pqASYKjcth+6D1NOpVjaqD1X6aEqH+GCw=="
    },
    "nan": {
      "version": "2.10.0",
      "resolved": "https://registry.npmjs.org/nan/-/nan-2.10.0.tgz",
      "integrity": "sha512-bAdJv7fBLhWC+/Bls0Oza+mvTaNQtP+1RyhhhvD95pgUJz6XM5IzgmxOkItJ9tkoCiplvAnXI1tNmmUD/eScyA=="
    },
    "sleep": {
      "version": "5.1.1",
      "resolved": "https://registry.npmjs.org/sleep/-/sleep-5.1.1.tgz",
      "integrity": "sha1-h4+h1E0I7rDyb7IBjvhinrGjq5Q=",
      "requires": {
        "nan": "2.10.0"
      }
    }
  }
}
